
Microsoft Visual Studio Solution File, Format Version 12.00
# Visual Studio Version 17
VisualStudioVersion = 17.9.34723.18
MinimumVisualStudioVersion = 10.0.40219.1
Project("{FAE04EC0-301F-11D3-BF4B-00C04F79EFBC}") = "TypographerApp", "TypographerApp\TypographerApp.csproj", "{2F646F1B-420C-42BF-96A3-08716E2D22F6}"
EndProject
Project("{FAE04EC0-301F-11D3-BF4B-00C04F79EFBC}") = "TypographerApp.Tests", "TypographerApp.Tests\TypographerApp.Tests.csproj", "{BCB0091E-3502-4453-9FBF-351EBD82DEEF}"
EndProject
Global
	GlobalSection(SolutionConfigurationPlatforms) = preSolution
		Debug|Any CPU = Debug|Any CPU
		Release|Any CPU = Release|Any CPU
	EndGlobalSection
	GlobalSection(ProjectConfigurationPlatforms) = postSolution
		{2F646F1B-420C-42BF-96A3-08716E2D22F6}.Debug|Any CPU.ActiveCfg = Debug|Any CPU
		{2F646F1B-420C-42BF-96A3-08716E2D22F6}.Debug|Any CPU.Build.0 = Debug|Any CPU
		{2F646F1B-420C-42BF-96A3-08716E2D22F6}.Release|Any CPU.ActiveCfg = Release|Any CPU
		{2F646F1B-420C-42BF-96A3-08716E2D22F6}.Release|Any CPU.Build.0 = Release|Any CPU
		{BCB0091E-3502-4453-9FBF-351EBD82DEEF}.Debug|Any CPU.ActiveCfg = Debug|Any CPU
		{BCB0091E-3502-4453-9FBF-351EBD82DEEF}.Debug|Any CPU.Build.0 = Debug|Any CPU
		{BCB0091E-3502-4453-9FBF-351EBD82DEEF}.Release|Any CPU.ActiveCfg = Release|Any CPU
		{BCB0091E-3502-4453-9FBF-351EBD82DEEF}.Release|Any CPU.Build.0 = Release|Any CPU
	EndGlobalSection
	GlobalSection(SolutionProperties) = preSolution
		HideSolutionNode = FALSE
	EndGlobalSection
	GlobalSection(ExtensibilityGlobals) = postSolution
		SolutionGuid = {94887B76-EFE1-45C9-8CAF-BC8E7DF2CD65}
	EndGlobalSection
EndGlobal
